
Microsoft Visual Studio Solution File, Format Version 12.00
# Visual Studio Version 17
VisualStudioVersion = 17.14.36310.24
MinimumVisualStudioVersion = 10.0.40219.1
Project("{FAE04EC0-301F-11D3-BF4B-00C04F79EFBC}") = "BookingAPI", "Booking-App\BookingAPI.csproj", "{ACAC8349-AC51-4972-BB6A-4C3DD9ED1EFA}"
	ProjectSection(ProjectDependencies) = postProject
		{BD2B856A-47AC-4172-B6F1-AA8C97768C55} = {BD2B856A-47AC-4172-B6F1-AA8C97768C55}
		{F27CA3D1-976C-4840-A94B-50A31312F8DE} = {F27CA3D1-976C-4840-A94B-50A31312F8DE}
	EndProjectSection
EndProject
Project("{FAE04EC0-301F-11D3-BF4B-00C04F79EFBC}") = "Booking.Domain", "Booking.Domain\Booking.Domain.csproj", "{8EF89513-818F-4D82-B941-E271CF4F818E}"
EndProject
Project("{FAE04EC0-301F-11D3-BF4B-00C04F79EFBC}") = "Booking.Infrastructure", "Booking.Infrastructure\Booking.Infrastructure.csproj", "{BD2B856A-47AC-4172-B6F1-AA8C97768C55}"
	ProjectSection(ProjectDependencies) = postProject
		{8EF89513-818F-4D82-B941-E271CF4F818E} = {8EF89513-818F-4D82-B941-E271CF4F818E}
		{F27CA3D1-976C-4840-A94B-50A31312F8DE} = {F27CA3D1-976C-4840-A94B-50A31312F8DE}
	EndProjectSection
EndProject
Project("{FAE04EC0-301F-11D3-BF4B-00C04F79EFBC}") = "Booking.Application", "Booking.Application\Booking.Application.csproj", "{F27CA3D1-976C-4840-A94B-50A31312F8DE}"
	ProjectSection(ProjectDependencies) = postProject
		{8EF89513-818F-4D82-B941-E271CF4F818E} = {8EF89513-818F-4D82-B941-E271CF4F818E}
	EndProjectSection
EndProject
Project("{FAE04EC0-301F-11D3-BF4B-00C04F79EFBC}") = "Booking.Shared", "Booking.Shared\Booking.Shared.csproj", "{87579C0E-2D1A-4B78-930D-5DC6C3C8EEC8}"
EndProject
Project("{FAE04EC0-301F-11D3-BF4B-00C04F79EFBC}") = "Booking.Tests", "Tests\Booking.Tests.csproj", "{200FA023-6FAA-47A8-8F93-1BB19F90C489}"
EndProject
Project("{2150E333-8FDC-42A3-9474-1A3956D46DE8}") = "Solution Items", "Solution Items", "{8EC462FD-D22E-90A8-E5CE-7E832BA40C5D}"
	ProjectSection(SolutionItems) = preProject
		.env = .env
	EndProjectSection
EndProject
Global
	GlobalSection(SolutionConfigurationPlatforms) = preSolution
		Debug|Any CPU = Debug|Any CPU
		Release|Any CPU = Release|Any CPU
	EndGlobalSection
	GlobalSection(ProjectConfigurationPlatforms) = postSolution
		{ACAC8349-AC51-4972-BB6A-4C3DD9ED1EFA}.Debug|Any CPU.ActiveCfg = Debug|Any CPU
		{ACAC8349-AC51-4972-BB6A-4C3DD9ED1EFA}.Debug|Any CPU.Build.0 = Debug|Any CPU
		{ACAC8349-AC51-4972-BB6A-4C3DD9ED1EFA}.Release|Any CPU.ActiveCfg = Release|Any CPU
		{ACAC8349-AC51-4972-BB6A-4C3DD9ED1EFA}.Release|Any CPU.Build.0 = Release|Any CPU
		{8EF89513-818F-4D82-B941-E271CF4F818E}.Debug|Any CPU.ActiveCfg = Debug|Any CPU
		{8EF89513-818F-4D82-B941-E271CF4F818E}.Debug|Any CPU.Build.0 = Debug|Any CPU
		{8EF89513-818F-4D82-B941-E271CF4F818E}.Release|Any CPU.ActiveCfg = Release|Any CPU
		{8EF89513-818F-4D82-B941-E271CF4F818E}.Release|Any CPU.Build.0 = Release|Any CPU
		{BD2B856A-47AC-4172-B6F1-AA8C97768C55}.Debug|Any CPU.ActiveCfg = Debug|Any CPU
		{BD2B856A-47AC-4172-B6F1-AA8C97768C55}.Debug|Any CPU.Build.0 = Debug|Any CPU
		{BD2B856A-47AC-4172-B6F1-AA8C97768C55}.Release|Any CPU.ActiveCfg = Release|Any CPU
		{BD2B856A-47AC-4172-B6F1-AA8C97768C55}.Release|Any CPU.Build.0 = Release|Any CPU
		{F27CA3D1-976C-4840-A94B-50A31312F8DE}.Debug|Any CPU.ActiveCfg = Debug|Any CPU
		{F27CA3D1-976C-4840-A94B-50A31312F8DE}.Debug|Any CPU.Build.0 = Debug|Any CPU
		{F27CA3D1-976C-4840-A94B-50A31312F8DE}.Release|Any CPU.ActiveCfg = Release|Any CPU
		{F27CA3D1-976C-4840-A94B-50A31312F8DE}.Release|Any CPU.Build.0 = Release|Any CPU
		{87579C0E-2D1A-4B78-930D-5DC6C3C8EEC8}.Debug|Any CPU.ActiveCfg = Debug|Any CPU
		{87579C0E-2D1A-4B78-930D-5DC6C3C8EEC8}.Debug|Any CPU.Build.0 = Debug|Any CPU
		{87579C0E-2D1A-4B78-930D-5DC6C3C8EEC8}.Release|Any CPU.ActiveCfg = Release|Any CPU
		{87579C0E-2D1A-4B78-930D-5DC6C3C8EEC8}.Release|Any CPU.Build.0 = Release|Any CPU
		{200FA023-6FAA-47A8-8F93-1BB19F90C489}.Debug|Any CPU.ActiveCfg = Debug|Any CPU
		{200FA023-6FAA-47A8-8F93-1BB19F90C489}.Debug|Any CPU.Build.0 = Debug|Any CPU
		{200FA023-6FAA-47A8-8F93-1BB19F90C489}.Release|Any CPU.ActiveCfg = Release|Any CPU
		{200FA023-6FAA-47A8-8F93-1BB19F90C489}.Release|Any CPU.Build.0 = Release|Any CPU
	EndGlobalSection
	GlobalSection(SolutionProperties) = preSolution
		HideSolutionNode = FALSE
	EndGlobalSection
	GlobalSection(ExtensibilityGlobals) = postSolution
		SolutionGuid = {6FE117B7-D971-4E6C-B847-B339D7202BE2}
	EndGlobalSection
EndGlobal
